
Microsoft Visual Studio Solution File, Format Version 12.00
# Visual Studio Version 17
VisualStudioVersion = 17.11.35312.102
MinimumVisualStudioVersion = 10.0.40219.1
Project("{FAE04EC0-301F-11D3-BF4B-00C04F79EFBC}") = "DapperDemo", "DapperDemo\DapperDemo.csproj", "{679BFA52-1782-49A6-A966-0B1DCB2F9058}"
EndProject
Global
	GlobalSection(SolutionConfigurationPlatforms) = preSolution
		Debug|Any CPU = Debug|Any CPU
		Release|Any CPU = Release|Any CPU
	EndGlobalSection
	GlobalSection(ProjectConfigurationPlatforms) = postSolution
		{679BFA52-1782-49A6-A966-0B1DCB2F9058}.Debug|Any CPU.ActiveCfg = Debug|Any CPU
		{679BFA52-1782-49A6-A966-0B1DCB2F9058}.Debug|Any CPU.Build.0 = Debug|Any CPU
		{679BFA52-1782-49A6-A966-0B1DCB2F9058}.Release|Any CPU.ActiveCfg = Release|Any CPU
		{679BFA52-1782-49A6-A966-0B1DCB2F9058}.Release|Any CPU.Build.0 = Release|Any CPU
	EndGlobalSection
	GlobalSection(SolutionProperties) = preSolution
		HideSolutionNode = FALSE
	EndGlobalSection
	GlobalSection(ExtensibilityGlobals) = postSolution
		SolutionGuid = {D0849C38-81BC-47AE-8B43-3A3708161223}
	EndGlobalSection
EndGlobal
